
Microsoft Visual Studio Solution File, Format Version 12.00
# Visual Studio Version 16
VisualStudioVersion = 16.0.30907.101
MinimumVisualStudioVersion = 10.0.40219.1
Project("{FAE04EC0-301F-11D3-BF4B-00C04F79EFBC}") = "koleksiyonlar", "koleksiyonlar\koleksiyonlar.csproj", "{2AA540B6-7B52-4DFF-A0AD-8D6DE26BE879}"
EndProject
Global
	GlobalSection(SolutionConfigurationPlatforms) = preSolution
		Debug|Any CPU = Debug|Any CPU
		Release|Any CPU = Release|Any CPU
	EndGlobalSection
	GlobalSection(ProjectConfigurationPlatforms) = postSolution
		{2AA540B6-7B52-4DFF-A0AD-8D6DE26BE879}.Debug|Any CPU.ActiveCfg = Debug|Any CPU
		{2AA540B6-7B52-4DFF-A0AD-8D6DE26BE879}.Debug|Any CPU.Build.0 = Debug|Any CPU
		{2AA540B6-7B52-4DFF-A0AD-8D6DE26BE879}.Release|Any CPU.ActiveCfg = Release|Any CPU
		{2AA540B6-7B52-4DFF-A0AD-8D6DE26BE879}.Release|Any CPU.Build.0 = Release|Any CPU
	EndGlobalSection
	GlobalSection(SolutionProperties) = preSolution
		HideSolutionNode = FALSE
	EndGlobalSection
	GlobalSection(ExtensibilityGlobals) = postSolution
		SolutionGuid = {811A8FB0-20AD-4B90-9C59-6E0056A544DE}
	EndGlobalSection
EndGlobal
